// !$*UTF8*$!
{
	archiveVersion = 1;
	classes = {
	};
	objectVersion = 55;
	objects = {

/* Begin PBXBuildFile section */
		9F03667A2C12CD1E007AC807 /* SwiftSoup in Frameworks */ = {isa = PBXBuildFile; productRef = 9F0366792C12CD1E007AC807 /* SwiftSoup */; };
		9F03667C2C1D39F6007AC807 /* AHListModel.swift in Sources */ = {isa = PBXBuildFile; fileRef = 9F03667B2C1D39F6007AC807 /* AHListModel.swift */; };
		9F0C5C67272C4A8200E39735 /* Default.strings in Resources */ = {isa = PBXBuildFile; fileRef = 9F0C5C69272C4A8200E39735 /* Default.strings */; };
		9F396D77272FFBDE0089A5DA /* .swiftlint.yml in Resources */ = {isa = PBXBuildFile; fileRef = 9F396D76272FFBDE0089A5DA /* .swiftlint.yml */; };
		9F3AC5C92712FB7000AB0B33 /* InfoView.swift in Sources */ = {isa = PBXBuildFile; fileRef = 9F3AC5C82712FB7000AB0B33 /* InfoView.swift */; };
		9F3AC5CB271314E000AB0B33 /* InfoViewController.swift in Sources */ = {isa = PBXBuildFile; fileRef = 9F3AC5CA271314E000AB0B33 /* InfoViewController.swift */; };
		9F3AC5D127136A1B00AB0B33 /* ProductDetailViewModel.swift in Sources */ = {isa = PBXBuildFile; fileRef = 9F3AC5D027136A1B00AB0B33 /* ProductDetailViewModel.swift */; };
		9F3AC5D327136A3600AB0B33 /* ProductDetailViewController.swift in Sources */ = {isa = PBXBuildFile; fileRef = 9F3AC5D227136A3600AB0B33 /* ProductDetailViewController.swift */; };
		9F3AC5D527136A6200AB0B33 /* ProductDetailView.swift in Sources */ = {isa = PBXBuildFile; fileRef = 9F3AC5D427136A6200AB0B33 /* ProductDetailView.swift */; };
		9F484DCC2710B09500772B5D /* GothamSSm-Book.otf in Resources */ = {isa = PBXBuildFile; fileRef = 9F484DCB2710B09500772B5D /* GothamSSm-Book.otf */; };
		9F484DD82710B24900772B5D /* GothamSSm-Light.otf in Resources */ = {isa = PBXBuildFile; fileRef = 9F484DCD2710B24700772B5D /* GothamSSm-Light.otf */; };
		9F484DD92710B24900772B5D /* GothamSSm-BlackItalic.otf in Resources */ = {isa = PBXBuildFile; fileRef = 9F484DCE2710B24700772B5D /* GothamSSm-BlackItalic.otf */; };
		9F484DDA2710B24900772B5D /* GothamSSm-BoldItalic.otf in Resources */ = {isa = PBXBuildFile; fileRef = 9F484DCF2710B24800772B5D /* GothamSSm-BoldItalic.otf */; };
		9F484DDB2710B24900772B5D /* GothamSSm-Black.otf in Resources */ = {isa = PBXBuildFile; fileRef = 9F484DD02710B24800772B5D /* GothamSSm-Black.otf */; };
		9F484DDC2710B24900772B5D /* GothamSSm-Bold.otf in Resources */ = {isa = PBXBuildFile; fileRef = 9F484DD12710B24800772B5D /* GothamSSm-Bold.otf */; };
		9F484DDD2710B24900772B5D /* GothamSSm-Medium.otf in Resources */ = {isa = PBXBuildFile; fileRef = 9F484DD22710B24800772B5D /* GothamSSm-Medium.otf */; };
		9F484DDE2710B24900772B5D /* GothamSSm-MediumItalic.otf in Resources */ = {isa = PBXBuildFile; fileRef = 9F484DD32710B24800772B5D /* GothamSSm-MediumItalic.otf */; };
		9F484DDF2710B24900772B5D /* GothamSSm-XLight.otf in Resources */ = {isa = PBXBuildFile; fileRef = 9F484DD42710B24800772B5D /* GothamSSm-XLight.otf */; };
		9F484DE02710B24900772B5D /* GothamSSm-XLightItalic.otf in Resources */ = {isa = PBXBuildFile; fileRef = 9F484DD52710B24800772B5D /* GothamSSm-XLightItalic.otf */; };
		9F484DE12710B24900772B5D /* GothamSSm-BookItalic.otf in Resources */ = {isa = PBXBuildFile; fileRef = 9F484DD62710B24800772B5D /* GothamSSm-BookItalic.otf */; };
		9F484DE22710B24900772B5D /* GothamSSm-LightItalic.otf in Resources */ = {isa = PBXBuildFile; fileRef = 9F484DD72710B24900772B5D /* GothamSSm-LightItalic.otf */; };
		9F680E0F2703E81900182822 /* AppDelegate.swift in Sources */ = {isa = PBXBuildFile; fileRef = 9F680E0E2703E81900182822 /* AppDelegate.swift */; };
		9F680E112703E81900182822 /* SceneDelegate.swift in Sources */ = {isa = PBXBuildFile; fileRef = 9F680E102703E81900182822 /* SceneDelegate.swift */; };
		9F680E182703E81E00182822 /* Assets.xcassets in Resources */ = {isa = PBXBuildFile; fileRef = 9F680E172703E81E00182822 /* Assets.xcassets */; };
		9F680E262705106D00182822 /* Colors.xcassets in Resources */ = {isa = PBXBuildFile; fileRef = 9F680E252705106D00182822 /* Colors.xcassets */; };
		9F680E4427052D1500182822 /* BaseView.swift in Sources */ = {isa = PBXBuildFile; fileRef = 9F680E4327052D1500182822 /* BaseView.swift */; };
		9F680E4627052E0800182822 /* BaseViewController.swift in Sources */ = {isa = PBXBuildFile; fileRef = 9F680E4527052E0800182822 /* BaseViewController.swift */; };
		9F680E4827052E2300182822 /* ViewModel.swift in Sources */ = {isa = PBXBuildFile; fileRef = 9F680E4727052E2300182822 /* ViewModel.swift */; };
		9F680E4A2705948400182822 /* ViewControllerProtocol.swift in Sources */ = {isa = PBXBuildFile; fileRef = 9F680E492705948400182822 /* ViewControllerProtocol.swift */; };
		9F77D998270CE06300196E95 /* ProductsView.swift in Sources */ = {isa = PBXBuildFile; fileRef = 9F77D997270CE06300196E95 /* ProductsView.swift */; };
		9F77D99A270CE31E00196E95 /* ProductsViewModel.swift in Sources */ = {isa = PBXBuildFile; fileRef = 9F77D999270CE31E00196E95 /* ProductsViewModel.swift */; };
		9F77D99C270CE34900196E95 /* ProductsViewController.swift in Sources */ = {isa = PBXBuildFile; fileRef = 9F77D99B270CE34900196E95 /* ProductsViewController.swift */; };
		9F77D99F270CEC3800196E95 /* Identifiable.swift in Sources */ = {isa = PBXBuildFile; fileRef = 9F77D99E270CEC3800196E95 /* Identifiable.swift */; };
		9F77D9A1270CFCB500196E95 /* Constants.swift in Sources */ = {isa = PBXBuildFile; fileRef = 9F77D9A0270CFCB500196E95 /* Constants.swift */; };
		9F8E1967271AE38C00E02F9E /* EmptyResultView.swift in Sources */ = {isa = PBXBuildFile; fileRef = 9F8E1966271AE38C00E02F9E /* EmptyResultView.swift */; };
		9F8E196B271CDDC200E02F9E /* AppUtilities.swift in Sources */ = {isa = PBXBuildFile; fileRef = 9F8E196A271CDDC200E02F9E /* AppUtilities.swift */; };
		9F8E196D271D06AE00E02F9E /* UserDefaultsKeyHelper.swift in Sources */ = {isa = PBXBuildFile; fileRef = 9F8E196C271D06AE00E02F9E /* UserDefaultsKeyHelper.swift */; };
		9FBD360D271D7C4700F952F5 /* HomeAnnotationView.swift in Sources */ = {isa = PBXBuildFile; fileRef = 9FBD360C271D7C4700F952F5 /* HomeAnnotationView.swift */; };
		9FCD23BC2708D8C50018B99C /* NetworkTarget.swift in Sources */ = {isa = PBXBuildFile; fileRef = 9FCD23BB2708D8C50018B99C /* NetworkTarget.swift */; };
		9FCD23BE2708FD270018B99C /* NetworkError.swift in Sources */ = {isa = PBXBuildFile; fileRef = 9FCD23BD2708FD270018B99C /* NetworkError.swift */; };
		9FCD23C0270A42750018B99C /* NetworkService.swift in Sources */ = {isa = PBXBuildFile; fileRef = 9FCD23BF270A42750018B99C /* NetworkService.swift */; };
		9FCD23C2270A45B00018B99C /* URL+Additions.swift in Sources */ = {isa = PBXBuildFile; fileRef = 9FCD23C1270A45B00018B99C /* URL+Additions.swift */; };
		9FCD23C4270A462B0018B99C /* ProductTarget.swift in Sources */ = {isa = PBXBuildFile; fileRef = 9FCD23C3270A462B0018B99C /* ProductTarget.swift */; };
		9FCD23C6270A48E00018B99C /* ProductAPIService.swift in Sources */ = {isa = PBXBuildFile; fileRef = 9FCD23C5270A48E00018B99C /* ProductAPIService.swift */; };
		9FCD23C8270A49A30018B99C /* Product.swift in Sources */ = {isa = PBXBuildFile; fileRef = 9FCD23C7270A49A30018B99C /* Product.swift */; };
		9FCD23CD270A4F350018B99C /* ProductTableViewCell.swift in Sources */ = {isa = PBXBuildFile; fileRef = 9FCD23CC270A4F350018B99C /* ProductTableViewCell.swift */; };
		9FCD23D0270A57920018B99C /* AssetHelper.swift in Sources */ = {isa = PBXBuildFile; fileRef = 9FCD23CF270A57920018B99C /* AssetHelper.swift */; };
		9FCD23D4270A58150018B99C /* UIImageView+Additions.swift in Sources */ = {isa = PBXBuildFile; fileRef = 9FCD23D3270A58150018B99C /* UIImageView+Additions.swift */; };
		9FCD23D6270A72960018B99C /* ColorHelper.swift in Sources */ = {isa = PBXBuildFile; fileRef = 9FCD23D5270A72960018B99C /* ColorHelper.swift */; };
		9FCD23DA270A7D9B0018B99C /* FontHelper.swift in Sources */ = {isa = PBXBuildFile; fileRef = 9FCD23D9270A7D9B0018B99C /* FontHelper.swift */; };
		9FCD23DC270A8C7D0018B99C /* UIView+Additions.swift in Sources */ = {isa = PBXBuildFile; fileRef = 9FCD23DB270A8C7D0018B99C /* UIView+Additions.swift */; };
		9FF54E262712541C00A44B8B /* TabBarController.swift in Sources */ = {isa = PBXBuildFile; fileRef = 9FF54E252712541C00A44B8B /* TabBarController.swift */; };
/* End PBXBuildFile section */

/* Begin PBXFileReference section */
		9F03667B2C1D39F6007AC807 /* AHListModel.swift */ = {isa = PBXFileReference; lastKnownFileType = sourcecode.swift; path = AHListModel.swift; sourceTree = "<group>"; };
		9F061E262746A65B00FFCF45 /* README.md */ = {isa = PBXFileReference; lastKnownFileType = net.daringfireball.markdown; path = README.md; sourceTree = "<group>"; };
		9F0C5C68272C4A8200E39735 /* en */ = {isa = PBXFileReference; lastKnownFileType = text.plist.strings; name = en; path = en.lproj/Default.strings; sourceTree = "<group>"; };
		9F0C5C6A272C4A8C00E39735 /* nl */ = {isa = PBXFileReference; lastKnownFileType = text.plist.strings; name = nl; path = nl.lproj/Default.strings; sourceTree = "<group>"; };
		9F396D76272FFBDE0089A5DA /* .swiftlint.yml */ = {isa = PBXFileReference; lastKnownFileType = text.yaml; path = .swiftlint.yml; sourceTree = "<group>"; };
		9F3AC5C82712FB7000AB0B33 /* InfoView.swift */ = {isa = PBXFileReference; lastKnownFileType = sourcecode.swift; path = InfoView.swift; sourceTree = "<group>"; };
		9F3AC5CA271314E000AB0B33 /* InfoViewController.swift */ = {isa = PBXFileReference; lastKnownFileType = sourcecode.swift; path = InfoViewController.swift; sourceTree = "<group>"; };
		9F3AC5D027136A1B00AB0B33 /* ProductDetailViewModel.swift */ = {isa = PBXFileReference; lastKnownFileType = sourcecode.swift; path = ProductDetailViewModel.swift; sourceTree = "<group>"; };
		9F3AC5D227136A3600AB0B33 /* ProductDetailViewController.swift */ = {isa = PBXFileReference; lastKnownFileType = sourcecode.swift; path = ProductDetailViewController.swift; sourceTree = "<group>"; };
		9F3AC5D427136A6200AB0B33 /* ProductDetailView.swift */ = {isa = PBXFileReference; lastKnownFileType = sourcecode.swift; path = ProductDetailView.swift; sourceTree = "<group>"; };
		9F484DCB2710B09500772B5D /* GothamSSm-Book.otf */ = {isa = PBXFileReference; lastKnownFileType = file; path = "GothamSSm-Book.otf"; sourceTree = "<group>"; };
		9F484DCD2710B24700772B5D /* GothamSSm-Light.otf */ = {isa = PBXFileReference; lastKnownFileType = file; path = "GothamSSm-Light.otf"; sourceTree = "<group>"; };
		9F484DCE2710B24700772B5D /* GothamSSm-BlackItalic.otf */ = {isa = PBXFileReference; lastKnownFileType = file; path = "GothamSSm-BlackItalic.otf"; sourceTree = "<group>"; };
		9F484DCF2710B24800772B5D /* GothamSSm-BoldItalic.otf */ = {isa = PBXFileReference; lastKnownFileType = file; path = "GothamSSm-BoldItalic.otf"; sourceTree = "<group>"; };
		9F484DD02710B24800772B5D /* GothamSSm-Black.otf */ = {isa = PBXFileReference; lastKnownFileType = file; path = "GothamSSm-Black.otf"; sourceTree = "<group>"; };
		9F484DD12710B24800772B5D /* GothamSSm-Bold.otf */ = {isa = PBXFileReference; lastKnownFileType = file; path = "GothamSSm-Bold.otf"; sourceTree = "<group>"; };
		9F484DD22710B24800772B5D /* GothamSSm-Medium.otf */ = {isa = PBXFileReference; lastKnownFileType = file; path = "GothamSSm-Medium.otf"; sourceTree = "<group>"; };
		9F484DD32710B24800772B5D /* GothamSSm-MediumItalic.otf */ = {isa = PBXFileReference; lastKnownFileType = file; path = "GothamSSm-MediumItalic.otf"; sourceTree = "<group>"; };
		9F484DD42710B24800772B5D /* GothamSSm-XLight.otf */ = {isa = PBXFileReference; lastKnownFileType = file; path = "GothamSSm-XLight.otf"; sourceTree = "<group>"; };
		9F484DD52710B24800772B5D /* GothamSSm-XLightItalic.otf */ = {isa = PBXFileReference; lastKnownFileType = file; path = "GothamSSm-XLightItalic.otf"; sourceTree = "<group>"; };
		9F484DD62710B24800772B5D /* GothamSSm-BookItalic.otf */ = {isa = PBXFileReference; lastKnownFileType = file; path = "GothamSSm-BookItalic.otf"; sourceTree = "<group>"; };
		9F484DD72710B24900772B5D /* GothamSSm-LightItalic.otf */ = {isa = PBXFileReference; lastKnownFileType = file; path = "GothamSSm-LightItalic.otf"; sourceTree = "<group>"; };
		9F680E0B2703E81900182822 /* Demo Real Estate App.app */ = {isa = PBXFileReference; explicitFileType = wrapper.application; includeInIndex = 0; path = "Demo Real Estate App.app"; sourceTree = BUILT_PRODUCTS_DIR; };
		9F680E0E2703E81900182822 /* AppDelegate.swift */ = {isa = PBXFileReference; lastKnownFileType = sourcecode.swift; path = AppDelegate.swift; sourceTree = "<group>"; };
		9F680E102703E81900182822 /* SceneDelegate.swift */ = {isa = PBXFileReference; lastKnownFileType = sourcecode.swift; path = SceneDelegate.swift; sourceTree = "<group>"; };
		9F680E172703E81E00182822 /* Assets.xcassets */ = {isa = PBXFileReference; lastKnownFileType = folder.assetcatalog; path = Assets.xcassets; sourceTree = "<group>"; };
		9F680E1C2703E81E00182822 /* Info.plist */ = {isa = PBXFileReference; lastKnownFileType = text.plist.xml; path = Info.plist; sourceTree = "<group>"; };
		9F680E252705106D00182822 /* Colors.xcassets */ = {isa = PBXFileReference; lastKnownFileType = folder.assetcatalog; path = Colors.xcassets; sourceTree = "<group>"; };
		9F680E4327052D1500182822 /* BaseView.swift */ = {isa = PBXFileReference; lastKnownFileType = sourcecode.swift; path = BaseView.swift; sourceTree = "<group>"; };
		9F680E4527052E0800182822 /* BaseViewController.swift */ = {isa = PBXFileReference; lastKnownFileType = sourcecode.swift; path = BaseViewController.swift; sourceTree = "<group>"; };
		9F680E4727052E2300182822 /* ViewModel.swift */ = {isa = PBXFileReference; lastKnownFileType = sourcecode.swift; path = ViewModel.swift; sourceTree = "<group>"; };
		9F680E492705948400182822 /* ViewControllerProtocol.swift */ = {isa = PBXFileReference; lastKnownFileType = sourcecode.swift; path = ViewControllerProtocol.swift; sourceTree = "<group>"; };
		9F77D997270CE06300196E95 /* ProductsView.swift */ = {isa = PBXFileReference; lastKnownFileType = sourcecode.swift; path = ProductsView.swift; sourceTree = "<group>"; };
		9F77D999270CE31E00196E95 /* ProductsViewModel.swift */ = {isa = PBXFileReference; lastKnownFileType = sourcecode.swift; path = ProductsViewModel.swift; sourceTree = "<group>"; };
		9F77D99B270CE34900196E95 /* ProductsViewController.swift */ = {isa = PBXFileReference; lastKnownFileType = sourcecode.swift; path = ProductsViewController.swift; sourceTree = "<group>"; };
		9F77D99E270CEC3800196E95 /* Identifiable.swift */ = {isa = PBXFileReference; lastKnownFileType = sourcecode.swift; path = Identifiable.swift; sourceTree = "<group>"; };
		9F77D9A0270CFCB500196E95 /* Constants.swift */ = {isa = PBXFileReference; lastKnownFileType = sourcecode.swift; path = Constants.swift; sourceTree = "<group>"; };
		9F8E1966271AE38C00E02F9E /* EmptyResultView.swift */ = {isa = PBXFileReference; lastKnownFileType = sourcecode.swift; path = EmptyResultView.swift; sourceTree = "<group>"; };
		9F8E196A271CDDC200E02F9E /* AppUtilities.swift */ = {isa = PBXFileReference; lastKnownFileType = sourcecode.swift; path = AppUtilities.swift; sourceTree = "<group>"; };
		9F8E196C271D06AE00E02F9E /* UserDefaultsKeyHelper.swift */ = {isa = PBXFileReference; lastKnownFileType = sourcecode.swift; path = UserDefaultsKeyHelper.swift; sourceTree = "<group>"; };
		9FBD360C271D7C4700F952F5 /* HomeAnnotationView.swift */ = {isa = PBXFileReference; lastKnownFileType = sourcecode.swift; path = HomeAnnotationView.swift; sourceTree = "<group>"; };
		9FCD23BB2708D8C50018B99C /* NetworkTarget.swift */ = {isa = PBXFileReference; lastKnownFileType = sourcecode.swift; path = NetworkTarget.swift; sourceTree = "<group>"; };
		9FCD23BD2708FD270018B99C /* NetworkError.swift */ = {isa = PBXFileReference; lastKnownFileType = sourcecode.swift; path = NetworkError.swift; sourceTree = "<group>"; };
		9FCD23BF270A42750018B99C /* NetworkService.swift */ = {isa = PBXFileReference; lastKnownFileType = sourcecode.swift; path = NetworkService.swift; sourceTree = "<group>"; };
		9FCD23C1270A45B00018B99C /* URL+Additions.swift */ = {isa = PBXFileReference; lastKnownFileType = sourcecode.swift; path = "URL+Additions.swift"; sourceTree = "<group>"; };
		9FCD23C3270A462B0018B99C /* ProductTarget.swift */ = {isa = PBXFileReference; lastKnownFileType = sourcecode.swift; path = ProductTarget.swift; sourceTree = "<group>"; };
		9FCD23C5270A48E00018B99C /* ProductAPIService.swift */ = {isa = PBXFileReference; lastKnownFileType = sourcecode.swift; path = ProductAPIService.swift; sourceTree = "<group>"; };
		9FCD23C7270A49A30018B99C /* Product.swift */ = {isa = PBXFileReference; lastKnownFileType = sourcecode.swift; path = Product.swift; sourceTree = "<group>"; };
		9FCD23CC270A4F350018B99C /* ProductTableViewCell.swift */ = {isa = PBXFileReference; lastKnownFileType = sourcecode.swift; path = ProductTableViewCell.swift; sourceTree = "<group>"; };
		9FCD23CF270A57920018B99C /* AssetHelper.swift */ = {isa = PBXFileReference; lastKnownFileType = sourcecode.swift; path = AssetHelper.swift; sourceTree = "<group>"; };
		9FCD23D3270A58150018B99C /* UIImageView+Additions.swift */ = {isa = PBXFileReference; lastKnownFileType = sourcecode.swift; path = "UIImageView+Additions.swift"; sourceTree = "<group>"; };
		9FCD23D5270A72960018B99C /* ColorHelper.swift */ = {isa = PBXFileReference; lastKnownFileType = sourcecode.swift; path = ColorHelper.swift; sourceTree = "<group>"; };
		9FCD23D9270A7D9B0018B99C /* FontHelper.swift */ = {isa = PBXFileReference; lastKnownFileType = sourcecode.swift; path = FontHelper.swift; sourceTree = "<group>"; };
		9FCD23DB270A8C7D0018B99C /* UIView+Additions.swift */ = {isa = PBXFileReference; lastKnownFileType = sourcecode.swift; path = "UIView+Additions.swift"; sourceTree = "<group>"; };
		9FF54E252712541C00A44B8B /* TabBarController.swift */ = {isa = PBXFileReference; lastKnownFileType = sourcecode.swift; path = TabBarController.swift; sourceTree = "<group>"; };
/* End PBXFileReference section */

/* Begin PBXFrameworksBuildPhase section */
		9F680E082703E81900182822 /* Frameworks */ = {
			isa = PBXFrameworksBuildPhase;
			buildActionMask = 2147483647;
			files = (
				9F03667A2C12CD1E007AC807 /* SwiftSoup in Frameworks */,
			);
			runOnlyForDeploymentPostprocessing = 0;
		};
/* End PBXFrameworksBuildPhase section */

/* Begin PBXGroup section */
		9F03667D2C1D3A01007AC807 /* Models */ = {
			isa = PBXGroup;
			children = (
				9F03667B2C1D39F6007AC807 /* AHListModel.swift */,
			);
			path = Models;
			sourceTree = "<group>";
		};
		9F0C5C58272C115200E39735 /* Localizable Strings */ = {
			isa = PBXGroup;
			children = (
				9F0C5C69272C4A8200E39735 /* Default.strings */,
			);
			path = "Localizable Strings";
			sourceTree = "<group>";
		};
		9F3AC5C62712F9D100AB0B33 /* ProductDetail */ = {
			isa = PBXGroup;
			children = (
				9F709D94271EB6D500CCE7E0 /* View */,
				9F3AC5D027136A1B00AB0B33 /* ProductDetailViewModel.swift */,
				9F3AC5D227136A3600AB0B33 /* ProductDetailViewController.swift */,
			);
			path = ProductDetail;
			sourceTree = "<group>";
		};
		9F3AC5C72712F9E200AB0B33 /* InfoScene */ = {
			isa = PBXGroup;
			children = (
				9F3AC5C82712FB7000AB0B33 /* InfoView.swift */,
				9F3AC5CA271314E000AB0B33 /* InfoViewController.swift */,
			);
			path = InfoScene;
			sourceTree = "<group>";
		};
		9F680E022703E81900182822 = {
			isa = PBXGroup;
			children = (
				9F061E262746A65B00FFCF45 /* README.md */,
				9F396D76272FFBDE0089A5DA /* .swiftlint.yml */,
				9F680E0D2703E81900182822 /* Demo Real Estate App */,
				9F680E0C2703E81900182822 /* Products */,
			);
			sourceTree = "<group>";
		};
		9F680E0C2703E81900182822 /* Products */ = {
			isa = PBXGroup;
			children = (
				9F680E0B2703E81900182822 /* Demo Real Estate App.app */,
			);
			name = Products;
			sourceTree = "<group>";
		};
		9F680E0D2703E81900182822 /* Demo Real Estate App */ = {
			isa = PBXGroup;
			children = (
				9F680E22270434DF00182822 /* Infrastructure */,
				9F680E23270434EC00182822 /* Architecture */,
				9F77A33827082F8C00384E1D /* Scenes */,
				9F77A33927082F9A00384E1D /* Model */,
				9F77A33A27082FAA00384E1D /* Services */,
				9F77A33B27082FBD00384E1D /* Extensions */,
				9FCD23CE270A575A0018B99C /* Helpers */,
				9F77D99D270CEC2200196E95 /* Util */,
			);
			path = "Demo Real Estate App";
			sourceTree = "<group>";
		};
		9F680E22270434DF00182822 /* Infrastructure */ = {
			isa = PBXGroup;
			children = (
				9F680E242705063600182822 /* Resources */,
				9F680E0E2703E81900182822 /* AppDelegate.swift */,
				9F680E102703E81900182822 /* SceneDelegate.swift */,
				9F77D9A0270CFCB500196E95 /* Constants.swift */,
				9F680E1C2703E81E00182822 /* Info.plist */,
			);
			path = Infrastructure;
			sourceTree = "<group>";
		};
		9F680E23270434EC00182822 /* Architecture */ = {
			isa = PBXGroup;
			children = (
				9F680E4327052D1500182822 /* BaseView.swift */,
				9F680E4527052E0800182822 /* BaseViewController.swift */,
				9F680E4727052E2300182822 /* ViewModel.swift */,
				9F680E492705948400182822 /* ViewControllerProtocol.swift */,
				9FF54E252712541C00A44B8B /* TabBarController.swift */,
			);
			path = Architecture;
			sourceTree = "<group>";
		};
		9F680E242705063600182822 /* Resources */ = {
			isa = PBXGroup;
			children = (
				9F0C5C58272C115200E39735 /* Localizable Strings */,
				9F680E2927051DFE00182822 /* Fonts */,
				9F680E172703E81E00182822 /* Assets.xcassets */,
				9F680E252705106D00182822 /* Colors.xcassets */,
			);
			path = Resources;
			sourceTree = "<group>";
		};
		9F680E2927051DFE00182822 /* Fonts */ = {
			isa = PBXGroup;
			children = (
				9F484DD02710B24800772B5D /* GothamSSm-Black.otf */,
				9F484DCE2710B24700772B5D /* GothamSSm-BlackItalic.otf */,
				9F484DD12710B24800772B5D /* GothamSSm-Bold.otf */,
				9F484DCF2710B24800772B5D /* GothamSSm-BoldItalic.otf */,
				9F484DD62710B24800772B5D /* GothamSSm-BookItalic.otf */,
				9F484DCD2710B24700772B5D /* GothamSSm-Light.otf */,
				9F484DD72710B24900772B5D /* GothamSSm-LightItalic.otf */,
				9F484DD22710B24800772B5D /* GothamSSm-Medium.otf */,
				9F484DD32710B24800772B5D /* GothamSSm-MediumItalic.otf */,
				9F484DD42710B24800772B5D /* GothamSSm-XLight.otf */,
				9F484DD52710B24800772B5D /* GothamSSm-XLightItalic.otf */,
				9F484DCB2710B09500772B5D /* GothamSSm-Book.otf */,
			);
			path = Fonts;
			sourceTree = "<group>";
		};
		9F709D94271EB6D500CCE7E0 /* View */ = {
			isa = PBXGroup;
			children = (
				9F3AC5D427136A6200AB0B33 /* ProductDetailView.swift */,
				9FBD360C271D7C4700F952F5 /* HomeAnnotationView.swift */,
			);
			path = View;
			sourceTree = "<group>";
		};
		9F77A33827082F8C00384E1D /* Scenes */ = {
			isa = PBXGroup;
			children = (
				9FCD23C9270A4EE30018B99C /* Products */,
				9F3AC5C62712F9D100AB0B33 /* ProductDetail */,
				9F3AC5C72712F9E200AB0B33 /* InfoScene */,
				9F8E1965271AE25000E02F9E /* EmptyResultView */,
			);
			path = Scenes;
			sourceTree = "<group>";
		};
		9F77A33927082F9A00384E1D /* Model */ = {
			isa = PBXGroup;
			children = (
				9FCD23C7270A49A30018B99C /* Product.swift */,
			);
			path = Model;
			sourceTree = "<group>";
		};
		9F77A33A27082FAA00384E1D /* Services */ = {
			isa = PBXGroup;
			children = (
				9FCD23B92708D88B0018B99C /* API */,
				9FCD23BA2708D8960018B99C /* Target */,
				9FCD23BF270A42750018B99C /* NetworkService.swift */,
				9FCD23BB2708D8C50018B99C /* NetworkTarget.swift */,
				9FCD23BD2708FD270018B99C /* NetworkError.swift */,
			);
			path = Services;
			sourceTree = "<group>";
		};
		9F77A33B27082FBD00384E1D /* Extensions */ = {
			isa = PBXGroup;
			children = (
				9FCD23C1270A45B00018B99C /* URL+Additions.swift */,
				9FCD23D3270A58150018B99C /* UIImageView+Additions.swift */,
				9FCD23DB270A8C7D0018B99C /* UIView+Additions.swift */,
			);
			path = Extensions;
			sourceTree = "<group>";
		};
		9F77D99D270CEC2200196E95 /* Util */ = {
			isa = PBXGroup;
			children = (
				9F77D99E270CEC3800196E95 /* Identifiable.swift */,
				9F8E196A271CDDC200E02F9E /* AppUtilities.swift */,
			);
			path = Util;
			sourceTree = "<group>";
		};
		9F8E1965271AE25000E02F9E /* EmptyResultView */ = {
			isa = PBXGroup;
			children = (
				9F8E1966271AE38C00E02F9E /* EmptyResultView.swift */,
			);
			path = EmptyResultView;
			sourceTree = "<group>";
		};
		9FCD23B92708D88B0018B99C /* API */ = {
			isa = PBXGroup;
			children = (
				9FCD23C5270A48E00018B99C /* ProductAPIService.swift */,
			);
			path = API;
			sourceTree = "<group>";
		};
		9FCD23BA2708D8960018B99C /* Target */ = {
			isa = PBXGroup;
			children = (
				9FCD23C3270A462B0018B99C /* ProductTarget.swift */,
			);
			path = Target;
			sourceTree = "<group>";
		};
		9FCD23C9270A4EE30018B99C /* Products */ = {
			isa = PBXGroup;
			children = (
				9F03667D2C1D3A01007AC807 /* Models */,
				9FCD23CA270A4EF00018B99C /* View */,
				9F77D999270CE31E00196E95 /* ProductsViewModel.swift */,
				9F77D99B270CE34900196E95 /* ProductsViewController.swift */,
			);
			path = Products;
			sourceTree = "<group>";
		};
		9FCD23CA270A4EF00018B99C /* View */ = {
			isa = PBXGroup;
			children = (
				9FCD23CB270A4EFA0018B99C /* Cells */,
				9F77D997270CE06300196E95 /* ProductsView.swift */,
			);
			path = View;
			sourceTree = "<group>";
		};
		9FCD23CB270A4EFA0018B99C /* Cells */ = {
			isa = PBXGroup;
			children = (
				9FCD23CC270A4F350018B99C /* ProductTableViewCell.swift */,
			);
			path = Cells;
			sourceTree = "<group>";
		};
		9FCD23CE270A575A0018B99C /* Helpers */ = {
			isa = PBXGroup;
			children = (
				9FCD23CF270A57920018B99C /* AssetHelper.swift */,
				9FCD23D5270A72960018B99C /* ColorHelper.swift */,
				9FCD23D9270A7D9B0018B99C /* FontHelper.swift */,
				9F8E196C271D06AE00E02F9E /* UserDefaultsKeyHelper.swift */,
			);
			path = Helpers;
			sourceTree = "<group>";
		};
/* End PBXGroup section */

/* Begin PBXNativeTarget section */
		9F680E0A2703E81900182822 /* Demo Real Estate App */ = {
			isa = PBXNativeTarget;
			buildConfigurationList = 9F680E1F2703E81E00182822 /* Build configuration list for PBXNativeTarget "Demo Real Estate App" */;
			buildPhases = (
				9F680E072703E81900182822 /* Sources */,
				9F680E082703E81900182822 /* Frameworks */,
				9F680E092703E81900182822 /* Resources */,
				9F396D73272FEDF30089A5DA /* Swiftlint */,
			);
			buildRules = (
			);
			dependencies = (
			);
			name = "Demo Real Estate App";
			packageProductDependencies = (
				9F0366792C12CD1E007AC807 /* SwiftSoup */,
			);
			productName = "Demo Real Estate App";
			productReference = 9F680E0B2703E81900182822 /* Demo Real Estate App.app */;
			productType = "com.apple.product-type.application";
		};
/* End PBXNativeTarget section */

/* Begin PBXProject section */
		9F680E032703E81900182822 /* Project object */ = {
			isa = PBXProject;
			attributes = {
				BuildIndependentTargetsInParallel = 1;
				LastSwiftUpdateCheck = 1300;
				LastUpgradeCheck = 1300;
				TargetAttributes = {
					9F680E0A2703E81900182822 = {
						CreatedOnToolsVersion = 13.0;
					};
				};
			};
			buildConfigurationList = 9F680E062703E81900182822 /* Build configuration list for PBXProject "Demo Real Estate App" */;
			compatibilityVersion = "Xcode 13.0";
			developmentRegion = en;
			hasScannedForEncodings = 0;
			knownRegions = (
				en,
				Base,
				nl,
			);
			mainGroup = 9F680E022703E81900182822;
			packageReferences = (
				9F0366782C12CD1E007AC807 /* XCRemoteSwiftPackageReference "SwiftSoup" */,
			);
			productRefGroup = 9F680E0C2703E81900182822 /* Products */;
			projectDirPath = "";
			projectRoot = "";
			targets = (
				9F680E0A2703E81900182822 /* Demo Real Estate App */,
			);
		};
/* End PBXProject section */

/* Begin PBXResourcesBuildPhase section */
		9F680E092703E81900182822 /* Resources */ = {
			isa = PBXResourcesBuildPhase;
			buildActionMask = 2147483647;
			files = (
				9F396D77272FFBDE0089A5DA /* .swiftlint.yml in Resources */,
				9F484DE22710B24900772B5D /* GothamSSm-LightItalic.otf in Resources */,
				9F484DDA2710B24900772B5D /* GothamSSm-BoldItalic.otf in Resources */,
				9F680E262705106D00182822 /* Colors.xcassets in Resources */,
				9F484DDD2710B24900772B5D /* GothamSSm-Medium.otf in Resources */,
				9F484DE02710B24900772B5D /* GothamSSm-XLightItalic.otf in Resources */,
				9F484DDF2710B24900772B5D /* GothamSSm-XLight.otf in Resources */,
				9F484DDC2710B24900772B5D /* GothamSSm-Bold.otf in Resources */,
				9F680E182703E81E00182822 /* Assets.xcassets in Resources */,
				9F484DD92710B24900772B5D /* GothamSSm-BlackItalic.otf in Resources */,
				9F0C5C67272C4A8200E39735 /* Default.strings in Resources */,
				9F484DD82710B24900772B5D /* GothamSSm-Light.otf in Resources */,
				9F484DCC2710B09500772B5D /* GothamSSm-Book.otf in Resources */,
				9F484DDE2710B24900772B5D /* GothamSSm-MediumItalic.otf in Resources */,
				9F484DDB2710B24900772B5D /* GothamSSm-Black.otf in Resources */,
				9F484DE12710B24900772B5D /* GothamSSm-BookItalic.otf in Resources */,
			);
			runOnlyForDeploymentPostprocessing = 0;
		};
/* End PBXResourcesBuildPhase section */

/* Begin PBXShellScriptBuildPhase section */
		9F396D73272FEDF30089A5DA /* Swiftlint */ = {
			isa = PBXShellScriptBuildPhase;
			buildActionMask = 2147483647;
			files = (
			);
			inputFileListPaths = (
			);
			inputPaths = (
			);
			name = Swiftlint;
			outputFileListPaths = (
			);
			outputPaths = (
			);
			runOnlyForDeploymentPostprocessing = 0;
			shellPath = /bin/sh;
			shellScript = "if which swiftlint >/dev/null; then\n  swiftlint\nelse\n  echo \"warning: SwiftLint not installed, download from https://github.com/realm/SwiftLint\"\nfi\n";
		};
/* End PBXShellScriptBuildPhase section */

/* Begin PBXSourcesBuildPhase section */
		9F680E072703E81900182822 /* Sources */ = {
			isa = PBXSourcesBuildPhase;
			buildActionMask = 2147483647;
			files = (
				9F3AC5D527136A6200AB0B33 /* ProductDetailView.swift in Sources */,
				9F3AC5D327136A3600AB0B33 /* ProductDetailViewController.swift in Sources */,
				9F680E4A2705948400182822 /* ViewControllerProtocol.swift in Sources */,
				9FF54E262712541C00A44B8B /* TabBarController.swift in Sources */,
				9FCD23BE2708FD270018B99C /* NetworkError.swift in Sources */,
				9FCD23C6270A48E00018B99C /* ProductAPIService.swift in Sources */,
				9F680E4827052E2300182822 /* ViewModel.swift in Sources */,
				9F77D99C270CE34900196E95 /* ProductsViewController.swift in Sources */,
				9F77D998270CE06300196E95 /* ProductsView.swift in Sources */,
				9F3AC5C92712FB7000AB0B33 /* InfoView.swift in Sources */,
				9FCD23DC270A8C7D0018B99C /* UIView+Additions.swift in Sources */,
				9FCD23BC2708D8C50018B99C /* NetworkTarget.swift in Sources */,
				9F8E196D271D06AE00E02F9E /* UserDefaultsKeyHelper.swift in Sources */,
				9F3AC5CB271314E000AB0B33 /* InfoViewController.swift in Sources */,
				9F8E196B271CDDC200E02F9E /* AppUtilities.swift in Sources */,
				9FCD23C0270A42750018B99C /* NetworkService.swift in Sources */,
				9FBD360D271D7C4700F952F5 /* HomeAnnotationView.swift in Sources */,
				9F03667C2C1D39F6007AC807 /* AHListModel.swift in Sources */,
				9F680E4427052D1500182822 /* BaseView.swift in Sources */,
				9F77D99A270CE31E00196E95 /* ProductsViewModel.swift in Sources */,
				9F680E4627052E0800182822 /* BaseViewController.swift in Sources */,
				9F680E0F2703E81900182822 /* AppDelegate.swift in Sources */,
				9FCD23D6270A72960018B99C /* ColorHelper.swift in Sources */,
				9F77D99F270CEC3800196E95 /* Identifiable.swift in Sources */,
				9FCD23CD270A4F350018B99C /* ProductTableViewCell.swift in Sources */,
				9F680E112703E81900182822 /* SceneDelegate.swift in Sources */,
				9FCD23DA270A7D9B0018B99C /* FontHelper.swift in Sources */,
				9F3AC5D127136A1B00AB0B33 /* ProductDetailViewModel.swift in Sources */,
				9F8E1967271AE38C00E02F9E /* EmptyResultView.swift in Sources */,
				9FCD23C2270A45B00018B99C /* URL+Additions.swift in Sources */,
				9FCD23D4270A58150018B99C /* UIImageView+Additions.swift in Sources */,
				9FCD23D0270A57920018B99C /* AssetHelper.swift in Sources */,
				9FCD23C4270A462B0018B99C /* ProductTarget.swift in Sources */,
				9FCD23C8270A49A30018B99C /* Product.swift in Sources */,
				9F77D9A1270CFCB500196E95 /* Constants.swift in Sources */,
			);
			runOnlyForDeploymentPostprocessing = 0;
		};
/* End PBXSourcesBuildPhase section */

/* Begin PBXVariantGroup section */
		9F0C5C69272C4A8200E39735 /* Default.strings */ = {
			isa = PBXVariantGroup;
			children = (
				9F0C5C68272C4A8200E39735 /* en */,
				9F0C5C6A272C4A8C00E39735 /* nl */,
			);
			name = Default.strings;
			sourceTree = "<group>";
		};
/* End PBXVariantGroup section */

/* Begin XCBuildConfiguration section */
		9F680E1D2703E81E00182822 /* Debug */ = {
			isa = XCBuildConfiguration;
			buildSettings = {
				ALWAYS_SEARCH_USER_PATHS = NO;
				CLANG_ANALYZER_NONNULL = YES;
				CLANG_ANALYZER_NUMBER_OBJECT_CONVERSION = YES_AGGRESSIVE;
				CLANG_CXX_LANGUAGE_STANDARD = "gnu++17";
				CLANG_CXX_LIBRARY = "libc++";
				CLANG_ENABLE_MODULES = YES;
				CLANG_ENABLE_OBJC_ARC = YES;
				CLANG_ENABLE_OBJC_WEAK = YES;
				CLANG_WARN_BLOCK_CAPTURE_AUTORELEASING = YES;
				CLANG_WARN_BOOL_CONVERSION = YES;
				CLANG_WARN_COMMA = YES;
				CLANG_WARN_CONSTANT_CONVERSION = YES;
				CLANG_WARN_DEPRECATED_OBJC_IMPLEMENTATIONS = YES;
				CLANG_WARN_DIRECT_OBJC_ISA_USAGE = YES_ERROR;
				CLANG_WARN_DOCUMENTATION_COMMENTS = YES;
				CLANG_WARN_EMPTY_BODY = YES;
				CLANG_WARN_ENUM_CONVERSION = YES;
				CLANG_WARN_INFINITE_RECURSION = YES;
				CLANG_WARN_INT_CONVERSION = YES;
				CLANG_WARN_NON_LITERAL_NULL_CONVERSION = YES;
				CLANG_WARN_OBJC_IMPLICIT_RETAIN_SELF = YES;
				CLANG_WARN_OBJC_LITERAL_CONVERSION = YES;
				CLANG_WARN_OBJC_ROOT_CLASS = YES_ERROR;
				CLANG_WARN_QUOTED_INCLUDE_IN_FRAMEWORK_HEADER = YES;
				CLANG_WARN_RANGE_LOOP_ANALYSIS = YES;
				CLANG_WARN_STRICT_PROTOTYPES = YES;
				CLANG_WARN_SUSPICIOUS_MOVE = YES;
				CLANG_WARN_UNGUARDED_AVAILABILITY = YES_AGGRESSIVE;
				CLANG_WARN_UNREACHABLE_CODE = YES;
				CLANG_WARN__DUPLICATE_METHOD_MATCH = YES;
				COPY_PHASE_STRIP = NO;
				DEBUG_INFORMATION_FORMAT = dwarf;
				ENABLE_STRICT_OBJC_MSGSEND = YES;
				ENABLE_TESTABILITY = YES;
				GCC_C_LANGUAGE_STANDARD = gnu11;
				GCC_DYNAMIC_NO_PIC = NO;
				GCC_NO_COMMON_BLOCKS = YES;
				GCC_OPTIMIZATION_LEVEL = 0;
				GCC_PREPROCESSOR_DEFINITIONS = (
					"DEBUG=1",
					"$(inherited)",
				);
				GCC_WARN_64_TO_32_BIT_CONVERSION = YES;
				GCC_WARN_ABOUT_RETURN_TYPE = YES_ERROR;
				GCC_WARN_UNDECLARED_SELECTOR = YES;
				GCC_WARN_UNINITIALIZED_AUTOS = YES_AGGRESSIVE;
				GCC_WARN_UNUSED_FUNCTION = YES;
				GCC_WARN_UNUSED_VARIABLE = YES;
				IPHONEOS_DEPLOYMENT_TARGET = 15.0;
				MTL_ENABLE_DEBUG_INFO = INCLUDE_SOURCE;
				MTL_FAST_MATH = YES;
				ONLY_ACTIVE_ARCH = YES;
				SDKROOT = iphoneos;
				SWIFT_ACTIVE_COMPILATION_CONDITIONS = DEBUG;
				SWIFT_OPTIMIZATION_LEVEL = "-Onone";
			};
			name = Debug;
		};
		9F680E1E2703E81E00182822 /* Release */ = {
			isa = XCBuildConfiguration;
			buildSettings = {
				ALWAYS_SEARCH_USER_PATHS = NO;
				CLANG_ANALYZER_NONNULL = YES;
				CLANG_ANALYZER_NUMBER_OBJECT_CONVERSION = YES_AGGRESSIVE;
				CLANG_CXX_LANGUAGE_STANDARD = "gnu++17";
				CLANG_CXX_LIBRARY = "libc++";
				CLANG_ENABLE_MODULES = YES;
				CLANG_ENABLE_OBJC_ARC = YES;
				CLANG_ENABLE_OBJC_WEAK = YES;
				CLANG_WARN_BLOCK_CAPTURE_AUTORELEASING = YES;
				CLANG_WARN_BOOL_CONVERSION = YES;
				CLANG_WARN_COMMA = YES;
				CLANG_WARN_CONSTANT_CONVERSION = YES;
				CLANG_WARN_DEPRECATED_OBJC_IMPLEMENTATIONS = YES;
				CLANG_WARN_DIRECT_OBJC_ISA_USAGE = YES_ERROR;
				CLANG_WARN_DOCUMENTATION_COMMENTS = YES;
				CLANG_WARN_EMPTY_BODY = YES;
				CLANG_WARN_ENUM_CONVERSION = YES;
				CLANG_WARN_INFINITE_RECURSION = YES;
				CLANG_WARN_INT_CONVERSION = YES;
				CLANG_WARN_NON_LITERAL_NULL_CONVERSION = YES;
				CLANG_WARN_OBJC_IMPLICIT_RETAIN_SELF = YES;
				CLANG_WARN_OBJC_LITERAL_CONVERSION = YES;
				CLANG_WARN_OBJC_ROOT_CLASS = YES_ERROR;
				CLANG_WARN_QUOTED_INCLUDE_IN_FRAMEWORK_HEADER = YES;
				CLANG_WARN_RANGE_LOOP_ANALYSIS = YES;
				CLANG_WARN_STRICT_PROTOTYPES = YES;
				CLANG_WARN_SUSPICIOUS_MOVE = YES;
				CLANG_WARN_UNGUARDED_AVAILABILITY = YES_AGGRESSIVE;
				CLANG_WARN_UNREACHABLE_CODE = YES;
				CLANG_WARN__DUPLICATE_METHOD_MATCH = YES;
				COPY_PHASE_STRIP = NO;
				DEBUG_INFORMATION_FORMAT = "dwarf-with-dsym";
				ENABLE_NS_ASSERTIONS = NO;
				ENABLE_STRICT_OBJC_MSGSEND = YES;
				GCC_C_LANGUAGE_STANDARD = gnu11;
				GCC_NO_COMMON_BLOCKS = YES;
				GCC_WARN_64_TO_32_BIT_CONVERSION = YES;
				GCC_WARN_ABOUT_RETURN_TYPE = YES_ERROR;
				GCC_WARN_UNDECLARED_SELECTOR = YES;
				GCC_WARN_UNINITIALIZED_AUTOS = YES_AGGRESSIVE;
				GCC_WARN_UNUSED_FUNCTION = YES;
				GCC_WARN_UNUSED_VARIABLE = YES;
				IPHONEOS_DEPLOYMENT_TARGET = 15.0;
				MTL_ENABLE_DEBUG_INFO = NO;
				MTL_FAST_MATH = YES;
				SDKROOT = iphoneos;
				SWIFT_COMPILATION_MODE = wholemodule;
				SWIFT_OPTIMIZATION_LEVEL = "-O";
				VALIDATE_PRODUCT = YES;
			};
			name = Release;
		};
		9F680E202703E81E00182822 /* Debug */ = {
			isa = XCBuildConfiguration;
			buildSettings = {
				ASSETCATALOG_COMPILER_APPICON_NAME = AppIcon;
				ASSETCATALOG_COMPILER_GLOBAL_ACCENT_COLOR_NAME = AccentColor;
				CODE_SIGN_STYLE = Automatic;
				CURRENT_PROJECT_VERSION = 1;
				DEVELOPMENT_TEAM = 986PSV4D2J;
				GENERATE_INFOPLIST_FILE = YES;
				INFOPLIST_FILE = "Demo Real Estate App/Infrastructure/Info.plist";
				INFOPLIST_KEY_NSLocationAlwaysAndWhenInUseUsageDescription = "This application needs your location in order to be informed how\nfar each house is from your location.";
				INFOPLIST_KEY_NSLocationWhenInUseUsageDescription = "This application needs your location in order to be informed how\nfar each house is from your location.";
				INFOPLIST_KEY_UIApplicationSupportsIndirectInputEvents = YES;
				INFOPLIST_KEY_UISupportedInterfaceOrientations = "UIInterfaceOrientationPortrait UIInterfaceOrientationPortraitUpsideDown UIInterfaceOrientationLandscapeLeft UIInterfaceOrientationLandscapeRight";
				INFOPLIST_KEY_UISupportedInterfaceOrientations_iPad = "UIInterfaceOrientationPortrait UIInterfaceOrientationPortraitUpsideDown UIInterfaceOrientationLandscapeLeft UIInterfaceOrientationLandscapeRight";
				INFOPLIST_KEY_UISupportedInterfaceOrientations_iPhone = "UIInterfaceOrientationPortrait UIInterfaceOrientationLandscapeLeft UIInterfaceOrientationLandscapeRight";
				LD_RUNPATH_SEARCH_PATHS = (
					"$(inherited)",
					"@executable_path/Frameworks",
				);
				MARKETING_VERSION = 1.0;
				PRODUCT_BUNDLE_IDENTIFIER = "com.hkucukcayir.Demo-Real-Estate-App";
				PRODUCT_NAME = "$(TARGET_NAME)";
				SWIFT_EMIT_LOC_STRINGS = YES;
				SWIFT_VERSION = 5.0;
				TARGETED_DEVICE_FAMILY = "1,2";
			};
			name = Debug;
		};
		9F680E212703E81E00182822 /* Release */ = {
			isa = XCBuildConfiguration;
			buildSettings = {
				ASSETCATALOG_COMPILER_APPICON_NAME = AppIcon;
				ASSETCATALOG_COMPILER_GLOBAL_ACCENT_COLOR_NAME = AccentColor;
				CODE_SIGN_STYLE = Automatic;
				CURRENT_PROJECT_VERSION = 1;
				DEVELOPMENT_TEAM = 986PSV4D2J;
				GENERATE_INFOPLIST_FILE = YES;
				INFOPLIST_FILE = "Demo Real Estate App/Infrastructure/Info.plist";
				INFOPLIST_KEY_NSLocationAlwaysAndWhenInUseUsageDescription = "This application needs your location in order to be informed how\nfar each house is from your location.";
				INFOPLIST_KEY_NSLocationWhenInUseUsageDescription = "This application needs your location in order to be informed how\nfar each house is from your location.";
				INFOPLIST_KEY_UIApplicationSupportsIndirectInputEvents = YES;
				INFOPLIST_KEY_UISupportedInterfaceOrientations = "UIInterfaceOrientationPortrait UIInterfaceOrientationPortraitUpsideDown UIInterfaceOrientationLandscapeLeft UIInterfaceOrientationLandscapeRight";
				INFOPLIST_KEY_UISupportedInterfaceOrientations_iPad = "UIInterfaceOrientationPortrait UIInterfaceOrientationPortraitUpsideDown UIInterfaceOrientationLandscapeLeft UIInterfaceOrientationLandscapeRight";
				INFOPLIST_KEY_UISupportedInterfaceOrientations_iPhone = "UIInterfaceOrientationPortrait UIInterfaceOrientationLandscapeLeft UIInterfaceOrientationLandscapeRight";
				LD_RUNPATH_SEARCH_PATHS = (
					"$(inherited)",
					"@executable_path/Frameworks",
				);
				MARKETING_VERSION = 1.0;
				PRODUCT_BUNDLE_IDENTIFIER = "com.hkucukcayir.Demo-Real-Estate-App";
				PRODUCT_NAME = "$(TARGET_NAME)";
				SWIFT_EMIT_LOC_STRINGS = YES;
				SWIFT_VERSION = 5.0;
				TARGETED_DEVICE_FAMILY = "1,2";
			};
			name = Release;
		};
/* End XCBuildConfiguration section */

/* Begin XCConfigurationList section */
		9F680E062703E81900182822 /* Build configuration list for PBXProject "Demo Real Estate App" */ = {
			isa = XCConfigurationList;
			buildConfigurations = (
				9F680E1D2703E81E00182822 /* Debug */,
				9F680E1E2703E81E00182822 /* Release */,
			);
			defaultConfigurationIsVisible = 0;
			defaultConfigurationName = Release;
		};
		9F680E1F2703E81E00182822 /* Build configuration list for PBXNativeTarget "Demo Real Estate App" */ = {
			isa = XCConfigurationList;
			buildConfigurations = (
				9F680E202703E81E00182822 /* Debug */,
				9F680E212703E81E00182822 /* Release */,
			);
			defaultConfigurationIsVisible = 0;
			defaultConfigurationName = Release;
		};
/* End XCConfigurationList section */

/* Begin XCRemoteSwiftPackageReference section */
		9F0366782C12CD1E007AC807 /* XCRemoteSwiftPackageReference "SwiftSoup" */ = {
			isa = XCRemoteSwiftPackageReference;
			repositoryURL = "https://github.com/scinfu/SwiftSoup";
			requirement = {
				kind = upToNextMajorVersion;
				minimumVersion = 2.7.2;
			};
		};
/* End XCRemoteSwiftPackageReference section */

/* Begin XCSwiftPackageProductDependency section */
		9F0366792C12CD1E007AC807 /* SwiftSoup */ = {
			isa = XCSwiftPackageProductDependency;
			package = 9F0366782C12CD1E007AC807 /* XCRemoteSwiftPackageReference "SwiftSoup" */;
			productName = SwiftSoup;
		};
/* End XCSwiftPackageProductDependency section */
	};
	rootObject = 9F680E032703E81900182822 /* Project object */;
}
