// !$*UTF8*$!
{
	archiveVersion = 1;
	classes = {
	};
	objectVersion = 55;
	objects = {

/* Begin PBXBuildFile section */
		9F680E0F2703E81900182822 /* AppDelegate.swift in Sources */ = {isa = PBXBuildFile; fileRef = 9F680E0E2703E81900182822 /* AppDelegate.swift */; };
		9F680E112703E81900182822 /* SceneDelegate.swift in Sources */ = {isa = PBXBuildFile; fileRef = 9F680E102703E81900182822 /* SceneDelegate.swift */; };
		9F680E182703E81E00182822 /* Assets.xcassets in Resources */ = {isa = PBXBuildFile; fileRef = 9F680E172703E81E00182822 /* Assets.xcassets */; };
		9F680E262705106D00182822 /* Colors.xcassets in Resources */ = {isa = PBXBuildFile; fileRef = 9F680E252705106D00182822 /* Colors.xcassets */; };
		9F680E3727051DFE00182822 /* GothamSSm-XLightItalic.otf in Resources */ = {isa = PBXBuildFile; fileRef = 9F680E2B27051DFE00182822 /* GothamSSm-XLightItalic.otf */; };
		9F680E3827051DFE00182822 /* GothamSSm-Medium.otf in Resources */ = {isa = PBXBuildFile; fileRef = 9F680E2C27051DFE00182822 /* GothamSSm-Medium.otf */; };
		9F680E3927051DFE00182822 /* GothamSSm-XLight.otf in Resources */ = {isa = PBXBuildFile; fileRef = 9F680E2D27051DFE00182822 /* GothamSSm-XLight.otf */; };
		9F680E3A27051DFE00182822 /* GothamSSm-Black.otf in Resources */ = {isa = PBXBuildFile; fileRef = 9F680E2E27051DFE00182822 /* GothamSSm-Black.otf */; };
		9F680E3B27051DFE00182822 /* GothamSSm-Light.otf in Resources */ = {isa = PBXBuildFile; fileRef = 9F680E2F27051DFE00182822 /* GothamSSm-Light.otf */; };
		9F680E3C27051DFE00182822 /* GothamSSm-Book.otf in Resources */ = {isa = PBXBuildFile; fileRef = 9F680E3027051DFE00182822 /* GothamSSm-Book.otf */; };
		9F680E3D27051DFE00182822 /* GothamSSm-Bold.otf in Resources */ = {isa = PBXBuildFile; fileRef = 9F680E3127051DFE00182822 /* GothamSSm-Bold.otf */; };
		9F680E3E27051DFE00182822 /* GothamSSm-MediumItalic.otf in Resources */ = {isa = PBXBuildFile; fileRef = 9F680E3227051DFE00182822 /* GothamSSm-MediumItalic.otf */; };
		9F680E3F27051DFE00182822 /* GothamSSm-BookItalic.otf in Resources */ = {isa = PBXBuildFile; fileRef = 9F680E3327051DFE00182822 /* GothamSSm-BookItalic.otf */; };
		9F680E4027051DFE00182822 /* GothamSSm-LightItalic.otf in Resources */ = {isa = PBXBuildFile; fileRef = 9F680E3427051DFE00182822 /* GothamSSm-LightItalic.otf */; };
		9F680E4127051DFE00182822 /* GothamSSm-BoldItalic.otf in Resources */ = {isa = PBXBuildFile; fileRef = 9F680E3527051DFE00182822 /* GothamSSm-BoldItalic.otf */; };
		9F680E4227051DFE00182822 /* GothamSSm-BlackItalic.otf in Resources */ = {isa = PBXBuildFile; fileRef = 9F680E3627051DFE00182822 /* GothamSSm-BlackItalic.otf */; };
		9F680E4427052D1500182822 /* BaseView.swift in Sources */ = {isa = PBXBuildFile; fileRef = 9F680E4327052D1500182822 /* BaseView.swift */; };
		9F680E4627052E0800182822 /* BaseViewController.swift in Sources */ = {isa = PBXBuildFile; fileRef = 9F680E4527052E0800182822 /* BaseViewController.swift */; };
		9F680E4827052E2300182822 /* ViewModel.swift in Sources */ = {isa = PBXBuildFile; fileRef = 9F680E4727052E2300182822 /* ViewModel.swift */; };
		9F680E4A2705948400182822 /* ViewControllerProtocol.swift in Sources */ = {isa = PBXBuildFile; fileRef = 9F680E492705948400182822 /* ViewControllerProtocol.swift */; };
/* End PBXBuildFile section */

/* Begin PBXFileReference section */
		9F680E0B2703E81900182822 /* Demo Real Estate App.app */ = {isa = PBXFileReference; explicitFileType = wrapper.application; includeInIndex = 0; path = "Demo Real Estate App.app"; sourceTree = BUILT_PRODUCTS_DIR; };
		9F680E0E2703E81900182822 /* AppDelegate.swift */ = {isa = PBXFileReference; lastKnownFileType = sourcecode.swift; path = AppDelegate.swift; sourceTree = "<group>"; };
		9F680E102703E81900182822 /* SceneDelegate.swift */ = {isa = PBXFileReference; lastKnownFileType = sourcecode.swift; path = SceneDelegate.swift; sourceTree = "<group>"; };
		9F680E172703E81E00182822 /* Assets.xcassets */ = {isa = PBXFileReference; lastKnownFileType = folder.assetcatalog; path = Assets.xcassets; sourceTree = "<group>"; };
		9F680E1C2703E81E00182822 /* Info.plist */ = {isa = PBXFileReference; lastKnownFileType = text.plist.xml; path = Info.plist; sourceTree = "<group>"; };
		9F680E252705106D00182822 /* Colors.xcassets */ = {isa = PBXFileReference; lastKnownFileType = folder.assetcatalog; path = Colors.xcassets; sourceTree = "<group>"; };
		9F680E2B27051DFE00182822 /* GothamSSm-XLightItalic.otf */ = {isa = PBXFileReference; lastKnownFileType = file; path = "GothamSSm-XLightItalic.otf"; sourceTree = "<group>"; };
		9F680E2C27051DFE00182822 /* GothamSSm-Medium.otf */ = {isa = PBXFileReference; lastKnownFileType = file; path = "GothamSSm-Medium.otf"; sourceTree = "<group>"; };
		9F680E2D27051DFE00182822 /* GothamSSm-XLight.otf */ = {isa = PBXFileReference; lastKnownFileType = file; path = "GothamSSm-XLight.otf"; sourceTree = "<group>"; };
		9F680E2E27051DFE00182822 /* GothamSSm-Black.otf */ = {isa = PBXFileReference; lastKnownFileType = file; path = "GothamSSm-Black.otf"; sourceTree = "<group>"; };
		9F680E2F27051DFE00182822 /* GothamSSm-Light.otf */ = {isa = PBXFileReference; lastKnownFileType = file; path = "GothamSSm-Light.otf"; sourceTree = "<group>"; };
		9F680E3027051DFE00182822 /* GothamSSm-Book.otf */ = {isa = PBXFileReference; lastKnownFileType = file; path = "GothamSSm-Book.otf"; sourceTree = "<group>"; };
		9F680E3127051DFE00182822 /* GothamSSm-Bold.otf */ = {isa = PBXFileReference; lastKnownFileType = file; path = "GothamSSm-Bold.otf"; sourceTree = "<group>"; };
		9F680E3227051DFE00182822 /* GothamSSm-MediumItalic.otf */ = {isa = PBXFileReference; lastKnownFileType = file; path = "GothamSSm-MediumItalic.otf"; sourceTree = "<group>"; };
		9F680E3327051DFE00182822 /* GothamSSm-BookItalic.otf */ = {isa = PBXFileReference; lastKnownFileType = file; path = "GothamSSm-BookItalic.otf"; sourceTree = "<group>"; };
		9F680E3427051DFE00182822 /* GothamSSm-LightItalic.otf */ = {isa = PBXFileReference; lastKnownFileType = file; path = "GothamSSm-LightItalic.otf"; sourceTree = "<group>"; };
		9F680E3527051DFE00182822 /* GothamSSm-BoldItalic.otf */ = {isa = PBXFileReference; lastKnownFileType = file; path = "GothamSSm-BoldItalic.otf"; sourceTree = "<group>"; };
		9F680E3627051DFE00182822 /* GothamSSm-BlackItalic.otf */ = {isa = PBXFileReference; lastKnownFileType = file; path = "GothamSSm-BlackItalic.otf"; sourceTree = "<group>"; };
		9F680E4327052D1500182822 /* BaseView.swift */ = {isa = PBXFileReference; lastKnownFileType = sourcecode.swift; path = BaseView.swift; sourceTree = "<group>"; };
		9F680E4527052E0800182822 /* BaseViewController.swift */ = {isa = PBXFileReference; lastKnownFileType = sourcecode.swift; path = BaseViewController.swift; sourceTree = "<group>"; };
		9F680E4727052E2300182822 /* ViewModel.swift */ = {isa = PBXFileReference; lastKnownFileType = sourcecode.swift; path = ViewModel.swift; sourceTree = "<group>"; };
		9F680E492705948400182822 /* ViewControllerProtocol.swift */ = {isa = PBXFileReference; lastKnownFileType = sourcecode.swift; path = ViewControllerProtocol.swift; sourceTree = "<group>"; };
/* End PBXFileReference section */

/* Begin PBXFrameworksBuildPhase section */
		9F680E082703E81900182822 /* Frameworks */ = {
			isa = PBXFrameworksBuildPhase;
			buildActionMask = 2147483647;
			files = (
			);
			runOnlyForDeploymentPostprocessing = 0;
		};
/* End PBXFrameworksBuildPhase section */

/* Begin PBXGroup section */
		9F680E022703E81900182822 = {
			isa = PBXGroup;
			children = (
				9F680E0D2703E81900182822 /* Demo Real Estate App */,
				9F680E0C2703E81900182822 /* Products */,
			);
			sourceTree = "<group>";
		};
		9F680E0C2703E81900182822 /* Products */ = {
			isa = PBXGroup;
			children = (
				9F680E0B2703E81900182822 /* Demo Real Estate App.app */,
			);
			name = Products;
			sourceTree = "<group>";
		};
		9F680E0D2703E81900182822 /* Demo Real Estate App */ = {
			isa = PBXGroup;
			children = (
				9F680E22270434DF00182822 /* Infrastructure */,
				9F680E23270434EC00182822 /* Architecture */,
			);
			path = "Demo Real Estate App";
			sourceTree = "<group>";
		};
		9F680E22270434DF00182822 /* Infrastructure */ = {
			isa = PBXGroup;
			children = (
				9F680E242705063600182822 /* Resources */,
				9F680E0E2703E81900182822 /* AppDelegate.swift */,
				9F680E102703E81900182822 /* SceneDelegate.swift */,
				9F680E1C2703E81E00182822 /* Info.plist */,
			);
			path = Infrastructure;
			sourceTree = "<group>";
		};
		9F680E23270434EC00182822 /* Architecture */ = {
			isa = PBXGroup;
			children = (
				9F680E4327052D1500182822 /* BaseView.swift */,
				9F680E4527052E0800182822 /* BaseViewController.swift */,
				9F680E4727052E2300182822 /* ViewModel.swift */,
				9F680E492705948400182822 /* ViewControllerProtocol.swift */,
			);
			path = Architecture;
			sourceTree = "<group>";
		};
		9F680E242705063600182822 /* Resources */ = {
			isa = PBXGroup;
			children = (
				9F680E2927051DFE00182822 /* Fonts */,
				9F680E172703E81E00182822 /* Assets.xcassets */,
				9F680E252705106D00182822 /* Colors.xcassets */,
			);
			path = Resources;
			sourceTree = "<group>";
		};
		9F680E2927051DFE00182822 /* Fonts */ = {
			isa = PBXGroup;
			children = (
				9F680E2A27051DFE00182822 /* Gotham SSm */,
			);
			path = Fonts;
			sourceTree = "<group>";
		};
		9F680E2A27051DFE00182822 /* Gotham SSm */ = {
			isa = PBXGroup;
			children = (
				9F680E2B27051DFE00182822 /* GothamSSm-XLightItalic.otf */,
				9F680E2C27051DFE00182822 /* GothamSSm-Medium.otf */,
				9F680E2D27051DFE00182822 /* GothamSSm-XLight.otf */,
				9F680E2E27051DFE00182822 /* GothamSSm-Black.otf */,
				9F680E2F27051DFE00182822 /* GothamSSm-Light.otf */,
				9F680E3027051DFE00182822 /* GothamSSm-Book.otf */,
				9F680E3127051DFE00182822 /* GothamSSm-Bold.otf */,
				9F680E3227051DFE00182822 /* GothamSSm-MediumItalic.otf */,
				9F680E3327051DFE00182822 /* GothamSSm-BookItalic.otf */,
				9F680E3427051DFE00182822 /* GothamSSm-LightItalic.otf */,
				9F680E3527051DFE00182822 /* GothamSSm-BoldItalic.otf */,
				9F680E3627051DFE00182822 /* GothamSSm-BlackItalic.otf */,
			);
			path = "Gotham SSm";
			sourceTree = "<group>";
		};
/* End PBXGroup section */

/* Begin PBXNativeTarget section */
		9F680E0A2703E81900182822 /* Demo Real Estate App */ = {
			isa = PBXNativeTarget;
			buildConfigurationList = 9F680E1F2703E81E00182822 /* Build configuration list for PBXNativeTarget "Demo Real Estate App" */;
			buildPhases = (
				9F680E072703E81900182822 /* Sources */,
				9F680E082703E81900182822 /* Frameworks */,
				9F680E092703E81900182822 /* Resources */,
			);
			buildRules = (
			);
			dependencies = (
			);
			name = "Demo Real Estate App";
			productName = "Demo Real Estate App";
			productReference = 9F680E0B2703E81900182822 /* Demo Real Estate App.app */;
			productType = "com.apple.product-type.application";
		};
/* End PBXNativeTarget section */

/* Begin PBXProject section */
		9F680E032703E81900182822 /* Project object */ = {
			isa = PBXProject;
			attributes = {
				BuildIndependentTargetsInParallel = 1;
				LastSwiftUpdateCheck = 1300;
				LastUpgradeCheck = 1300;
				TargetAttributes = {
					9F680E0A2703E81900182822 = {
						CreatedOnToolsVersion = 13.0;
					};
				};
			};
			buildConfigurationList = 9F680E062703E81900182822 /* Build configuration list for PBXProject "Demo Real Estate App" */;
			compatibilityVersion = "Xcode 13.0";
			developmentRegion = en;
			hasScannedForEncodings = 0;
			knownRegions = (
				en,
				Base,
			);
			mainGroup = 9F680E022703E81900182822;
			productRefGroup = 9F680E0C2703E81900182822 /* Products */;
			projectDirPath = "";
			projectRoot = "";
			targets = (
				9F680E0A2703E81900182822 /* Demo Real Estate App */,
			);
		};
/* End PBXProject section */

/* Begin PBXResourcesBuildPhase section */
		9F680E092703E81900182822 /* Resources */ = {
			isa = PBXResourcesBuildPhase;
			buildActionMask = 2147483647;
			files = (
				9F680E4027051DFE00182822 /* GothamSSm-LightItalic.otf in Resources */,
				9F680E3E27051DFE00182822 /* GothamSSm-MediumItalic.otf in Resources */,
				9F680E4227051DFE00182822 /* GothamSSm-BlackItalic.otf in Resources */,
				9F680E262705106D00182822 /* Colors.xcassets in Resources */,
				9F680E3C27051DFE00182822 /* GothamSSm-Book.otf in Resources */,
				9F680E3827051DFE00182822 /* GothamSSm-Medium.otf in Resources */,
				9F680E4127051DFE00182822 /* GothamSSm-BoldItalic.otf in Resources */,
				9F680E3927051DFE00182822 /* GothamSSm-XLight.otf in Resources */,
				9F680E3727051DFE00182822 /* GothamSSm-XLightItalic.otf in Resources */,
				9F680E3D27051DFE00182822 /* GothamSSm-Bold.otf in Resources */,
				9F680E3B27051DFE00182822 /* GothamSSm-Light.otf in Resources */,
				9F680E182703E81E00182822 /* Assets.xcassets in Resources */,
				9F680E3A27051DFE00182822 /* GothamSSm-Black.otf in Resources */,
				9F680E3F27051DFE00182822 /* GothamSSm-BookItalic.otf in Resources */,
			);
			runOnlyForDeploymentPostprocessing = 0;
		};
/* End PBXResourcesBuildPhase section */

/* Begin PBXSourcesBuildPhase section */
		9F680E072703E81900182822 /* Sources */ = {
			isa = PBXSourcesBuildPhase;
			buildActionMask = 2147483647;
			files = (
				9F680E4A2705948400182822 /* ViewControllerProtocol.swift in Sources */,
				9F680E4827052E2300182822 /* ViewModel.swift in Sources */,
				9F680E4427052D1500182822 /* BaseView.swift in Sources */,
				9F680E4627052E0800182822 /* BaseViewController.swift in Sources */,
				9F680E0F2703E81900182822 /* AppDelegate.swift in Sources */,
				9F680E112703E81900182822 /* SceneDelegate.swift in Sources */,
			);
			runOnlyForDeploymentPostprocessing = 0;
		};
/* End PBXSourcesBuildPhase section */

/* Begin XCBuildConfiguration section */
		9F680E1D2703E81E00182822 /* Debug */ = {
			isa = XCBuildConfiguration;
			buildSettings = {
				ALWAYS_SEARCH_USER_PATHS = NO;
				CLANG_ANALYZER_NONNULL = YES;
				CLANG_ANALYZER_NUMBER_OBJECT_CONVERSION = YES_AGGRESSIVE;
				CLANG_CXX_LANGUAGE_STANDARD = "gnu++17";
				CLANG_CXX_LIBRARY = "libc++";
				CLANG_ENABLE_MODULES = YES;
				CLANG_ENABLE_OBJC_ARC = YES;
				CLANG_ENABLE_OBJC_WEAK = YES;
				CLANG_WARN_BLOCK_CAPTURE_AUTORELEASING = YES;
				CLANG_WARN_BOOL_CONVERSION = YES;
				CLANG_WARN_COMMA = YES;
				CLANG_WARN_CONSTANT_CONVERSION = YES;
				CLANG_WARN_DEPRECATED_OBJC_IMPLEMENTATIONS = YES;
				CLANG_WARN_DIRECT_OBJC_ISA_USAGE = YES_ERROR;
				CLANG_WARN_DOCUMENTATION_COMMENTS = YES;
				CLANG_WARN_EMPTY_BODY = YES;
				CLANG_WARN_ENUM_CONVERSION = YES;
				CLANG_WARN_INFINITE_RECURSION = YES;
				CLANG_WARN_INT_CONVERSION = YES;
				CLANG_WARN_NON_LITERAL_NULL_CONVERSION = YES;
				CLANG_WARN_OBJC_IMPLICIT_RETAIN_SELF = YES;
				CLANG_WARN_OBJC_LITERAL_CONVERSION = YES;
				CLANG_WARN_OBJC_ROOT_CLASS = YES_ERROR;
				CLANG_WARN_QUOTED_INCLUDE_IN_FRAMEWORK_HEADER = YES;
				CLANG_WARN_RANGE_LOOP_ANALYSIS = YES;
				CLANG_WARN_STRICT_PROTOTYPES = YES;
				CLANG_WARN_SUSPICIOUS_MOVE = YES;
				CLANG_WARN_UNGUARDED_AVAILABILITY = YES_AGGRESSIVE;
				CLANG_WARN_UNREACHABLE_CODE = YES;
				CLANG_WARN__DUPLICATE_METHOD_MATCH = YES;
				COPY_PHASE_STRIP = NO;
				DEBUG_INFORMATION_FORMAT = dwarf;
				ENABLE_STRICT_OBJC_MSGSEND = YES;
				ENABLE_TESTABILITY = YES;
				GCC_C_LANGUAGE_STANDARD = gnu11;
				GCC_DYNAMIC_NO_PIC = NO;
				GCC_NO_COMMON_BLOCKS = YES;
				GCC_OPTIMIZATION_LEVEL = 0;
				GCC_PREPROCESSOR_DEFINITIONS = (
					"DEBUG=1",
					"$(inherited)",
				);
				GCC_WARN_64_TO_32_BIT_CONVERSION = YES;
				GCC_WARN_ABOUT_RETURN_TYPE = YES_ERROR;
				GCC_WARN_UNDECLARED_SELECTOR = YES;
				GCC_WARN_UNINITIALIZED_AUTOS = YES_AGGRESSIVE;
				GCC_WARN_UNUSED_FUNCTION = YES;
				GCC_WARN_UNUSED_VARIABLE = YES;
				IPHONEOS_DEPLOYMENT_TARGET = 15.0;
				MTL_ENABLE_DEBUG_INFO = INCLUDE_SOURCE;
				MTL_FAST_MATH = YES;
				ONLY_ACTIVE_ARCH = YES;
				SDKROOT = iphoneos;
				SWIFT_ACTIVE_COMPILATION_CONDITIONS = DEBUG;
				SWIFT_OPTIMIZATION_LEVEL = "-Onone";
			};
			name = Debug;
		};
		9F680E1E2703E81E00182822 /* Release */ = {
			isa = XCBuildConfiguration;
			buildSettings = {
				ALWAYS_SEARCH_USER_PATHS = NO;
				CLANG_ANALYZER_NONNULL = YES;
				CLANG_ANALYZER_NUMBER_OBJECT_CONVERSION = YES_AGGRESSIVE;
				CLANG_CXX_LANGUAGE_STANDARD = "gnu++17";
				CLANG_CXX_LIBRARY = "libc++";
				CLANG_ENABLE_MODULES = YES;
				CLANG_ENABLE_OBJC_ARC = YES;
				CLANG_ENABLE_OBJC_WEAK = YES;
				CLANG_WARN_BLOCK_CAPTURE_AUTORELEASING = YES;
				CLANG_WARN_BOOL_CONVERSION = YES;
				CLANG_WARN_COMMA = YES;
				CLANG_WARN_CONSTANT_CONVERSION = YES;
				CLANG_WARN_DEPRECATED_OBJC_IMPLEMENTATIONS = YES;
				CLANG_WARN_DIRECT_OBJC_ISA_USAGE = YES_ERROR;
				CLANG_WARN_DOCUMENTATION_COMMENTS = YES;
				CLANG_WARN_EMPTY_BODY = YES;
				CLANG_WARN_ENUM_CONVERSION = YES;
				CLANG_WARN_INFINITE_RECURSION = YES;
				CLANG_WARN_INT_CONVERSION = YES;
				CLANG_WARN_NON_LITERAL_NULL_CONVERSION = YES;
				CLANG_WARN_OBJC_IMPLICIT_RETAIN_SELF = YES;
				CLANG_WARN_OBJC_LITERAL_CONVERSION = YES;
				CLANG_WARN_OBJC_ROOT_CLASS = YES_ERROR;
				CLANG_WARN_QUOTED_INCLUDE_IN_FRAMEWORK_HEADER = YES;
				CLANG_WARN_RANGE_LOOP_ANALYSIS = YES;
				CLANG_WARN_STRICT_PROTOTYPES = YES;
				CLANG_WARN_SUSPICIOUS_MOVE = YES;
				CLANG_WARN_UNGUARDED_AVAILABILITY = YES_AGGRESSIVE;
				CLANG_WARN_UNREACHABLE_CODE = YES;
				CLANG_WARN__DUPLICATE_METHOD_MATCH = YES;
				COPY_PHASE_STRIP = NO;
				DEBUG_INFORMATION_FORMAT = "dwarf-with-dsym";
				ENABLE_NS_ASSERTIONS = NO;
				ENABLE_STRICT_OBJC_MSGSEND = YES;
				GCC_C_LANGUAGE_STANDARD = gnu11;
				GCC_NO_COMMON_BLOCKS = YES;
				GCC_WARN_64_TO_32_BIT_CONVERSION = YES;
				GCC_WARN_ABOUT_RETURN_TYPE = YES_ERROR;
				GCC_WARN_UNDECLARED_SELECTOR = YES;
				GCC_WARN_UNINITIALIZED_AUTOS = YES_AGGRESSIVE;
				GCC_WARN_UNUSED_FUNCTION = YES;
				GCC_WARN_UNUSED_VARIABLE = YES;
				IPHONEOS_DEPLOYMENT_TARGET = 15.0;
				MTL_ENABLE_DEBUG_INFO = NO;
				MTL_FAST_MATH = YES;
				SDKROOT = iphoneos;
				SWIFT_COMPILATION_MODE = wholemodule;
				SWIFT_OPTIMIZATION_LEVEL = "-O";
				VALIDATE_PRODUCT = YES;
			};
			name = Release;
		};
		9F680E202703E81E00182822 /* Debug */ = {
			isa = XCBuildConfiguration;
			buildSettings = {
				ASSETCATALOG_COMPILER_APPICON_NAME = AppIcon;
				ASSETCATALOG_COMPILER_GLOBAL_ACCENT_COLOR_NAME = AccentColor;
				CODE_SIGN_STYLE = Automatic;
				CURRENT_PROJECT_VERSION = 1;
				DEVELOPMENT_TEAM = 986PSV4D2J;
				GENERATE_INFOPLIST_FILE = YES;
				INFOPLIST_FILE = "Demo Real Estate App/Infrastructure/Info.plist";
				INFOPLIST_KEY_UIApplicationSupportsIndirectInputEvents = YES;
				INFOPLIST_KEY_UISupportedInterfaceOrientations = UIInterfaceOrientationPortrait;
				INFOPLIST_KEY_UISupportedInterfaceOrientations_iPad = UIInterfaceOrientationPortrait;
				INFOPLIST_KEY_UISupportedInterfaceOrientations_iPhone = "UIInterfaceOrientationPortrait UIInterfaceOrientationLandscapeLeft UIInterfaceOrientationLandscapeRight";
				LD_RUNPATH_SEARCH_PATHS = (
					"$(inherited)",
					"@executable_path/Frameworks",
				);
				MARKETING_VERSION = 1.0;
				PRODUCT_BUNDLE_IDENTIFIER = "com.dtt.Demo-Real-Estate-App";
				PRODUCT_NAME = "$(TARGET_NAME)";
				SWIFT_EMIT_LOC_STRINGS = YES;
				SWIFT_VERSION = 5.0;
				TARGETED_DEVICE_FAMILY = 1;
			};
			name = Debug;
		};
		9F680E212703E81E00182822 /* Release */ = {
			isa = XCBuildConfiguration;
			buildSettings = {
				ASSETCATALOG_COMPILER_APPICON_NAME = AppIcon;
				ASSETCATALOG_COMPILER_GLOBAL_ACCENT_COLOR_NAME = AccentColor;
				CODE_SIGN_STYLE = Automatic;
				CURRENT_PROJECT_VERSION = 1;
				DEVELOPMENT_TEAM = 986PSV4D2J;
				GENERATE_INFOPLIST_FILE = YES;
				INFOPLIST_FILE = "Demo Real Estate App/Infrastructure/Info.plist";
				INFOPLIST_KEY_UIApplicationSupportsIndirectInputEvents = YES;
				INFOPLIST_KEY_UISupportedInterfaceOrientations = UIInterfaceOrientationPortrait;
				INFOPLIST_KEY_UISupportedInterfaceOrientations_iPad = UIInterfaceOrientationPortrait;
				INFOPLIST_KEY_UISupportedInterfaceOrientations_iPhone = "UIInterfaceOrientationPortrait UIInterfaceOrientationLandscapeLeft UIInterfaceOrientationLandscapeRight";
				LD_RUNPATH_SEARCH_PATHS = (
					"$(inherited)",
					"@executable_path/Frameworks",
				);
				MARKETING_VERSION = 1.0;
				PRODUCT_BUNDLE_IDENTIFIER = "com.dtt.Demo-Real-Estate-App";
				PRODUCT_NAME = "$(TARGET_NAME)";
				SWIFT_EMIT_LOC_STRINGS = YES;
				SWIFT_VERSION = 5.0;
				TARGETED_DEVICE_FAMILY = 1;
			};
			name = Release;
		};
/* End XCBuildConfiguration section */

/* Begin XCConfigurationList section */
		9F680E062703E81900182822 /* Build configuration list for PBXProject "Demo Real Estate App" */ = {
			isa = XCConfigurationList;
			buildConfigurations = (
				9F680E1D2703E81E00182822 /* Debug */,
				9F680E1E2703E81E00182822 /* Release */,
			);
			defaultConfigurationIsVisible = 0;
			defaultConfigurationName = Release;
		};
		9F680E1F2703E81E00182822 /* Build configuration list for PBXNativeTarget "Demo Real Estate App" */ = {
			isa = XCConfigurationList;
			buildConfigurations = (
				9F680E202703E81E00182822 /* Debug */,
				9F680E212703E81E00182822 /* Release */,
			);
			defaultConfigurationIsVisible = 0;
			defaultConfigurationName = Release;
		};
/* End XCConfigurationList section */
	};
	rootObject = 9F680E032703E81900182822 /* Project object */;
}
